
Microsoft Visual Studio Solution File, Format Version 12.00
# Visual Studio Version 16
VisualStudioVersion = 16.0.29905.134
MinimumVisualStudioVersion = 10.0.40219.1
Project("{FAE04EC0-301F-11D3-BF4B-00C04F79EFBC}") = "ListViewCustomView", "ListViewCustomView.csproj", "{C3AD96EC-8C52-4FC9-B4B1-724316D17B7C}"
EndProject
Project("{FAE04EC0-301F-11D3-BF4B-00C04F79EFBC}") = "CustomControlLibrary", "..\CustomControlLibrary\CustomControlLibrary.csproj", "{8BB29F77-A9D3-4BF4-8EFB-9ADCB89C0B27}"
EndProject
Global
	GlobalSection(SolutionConfigurationPlatforms) = preSolution
		Debug|Any CPU = Debug|Any CPU
		Debug|x86 = Debug|x86
		Release|Any CPU = Release|Any CPU
		Release|x86 = Release|x86
	EndGlobalSection
	GlobalSection(ProjectConfigurationPlatforms) = postSolution
		{C3AD96EC-8C52-4FC9-B4B1-724316D17B7C}.Debug|Any CPU.ActiveCfg = Debug|x86
		{C3AD96EC-8C52-4FC9-B4B1-724316D17B7C}.Debug|x86.ActiveCfg = Debug|x86
		{C3AD96EC-8C52-4FC9-B4B1-724316D17B7C}.Debug|x86.Build.0 = Debug|x86
		{C3AD96EC-8C52-4FC9-B4B1-724316D17B7C}.Release|Any CPU.ActiveCfg = Debug|x86
		{C3AD96EC-8C52-4FC9-B4B1-724316D17B7C}.Release|Any CPU.Build.0 = Debug|x86
		{C3AD96EC-8C52-4FC9-B4B1-724316D17B7C}.Release|x86.ActiveCfg = Debug|x86
		{C3AD96EC-8C52-4FC9-B4B1-724316D17B7C}.Release|x86.Build.0 = Debug|x86
		{8BB29F77-A9D3-4BF4-8EFB-9ADCB89C0B27}.Debug|Any CPU.ActiveCfg = Debug|Any CPU
		{8BB29F77-A9D3-4BF4-8EFB-9ADCB89C0B27}.Debug|Any CPU.Build.0 = Debug|Any CPU
		{8BB29F77-A9D3-4BF4-8EFB-9ADCB89C0B27}.Debug|x86.ActiveCfg = Debug|Any CPU
		{8BB29F77-A9D3-4BF4-8EFB-9ADCB89C0B27}.Debug|x86.Build.0 = Debug|Any CPU
		{8BB29F77-A9D3-4BF4-8EFB-9ADCB89C0B27}.Release|Any CPU.ActiveCfg = Release|Any CPU
		{8BB29F77-A9D3-4BF4-8EFB-9ADCB89C0B27}.Release|Any CPU.Build.0 = Release|Any CPU
		{8BB29F77-A9D3-4BF4-8EFB-9ADCB89C0B27}.Release|x86.ActiveCfg = Release|Any CPU
		{8BB29F77-A9D3-4BF4-8EFB-9ADCB89C0B27}.Release|x86.Build.0 = Release|Any CPU
	EndGlobalSection
	GlobalSection(SolutionProperties) = preSolution
		HideSolutionNode = FALSE
	EndGlobalSection
	GlobalSection(ExtensibilityGlobals) = postSolution
		SolutionGuid = {880693FF-E75F-4CAA-9679-42FC26C08928}
	EndGlobalSection
EndGlobal
